
Microsoft Visual Studio Solution File, Format Version 12.00
# Visual Studio Version 17
VisualStudioVersion = 17.13.35806.99 d17.13
MinimumVisualStudioVersion = 10.0.40219.1
Project("{8BC9CEB8-8B4A-11D0-8D11-00A0C91BC942}") = "Project4", "Project4.vcxproj", "{07B1EE08-92DD-4B84-9B2C-3F536387F131}"
EndProject
Global
	GlobalSection(SolutionConfigurationPlatforms) = preSolution
		Debug|x64 = Debug|x64
		Debug|x86 = Debug|x86
		Release|x64 = Release|x64
		Release|x86 = Release|x86
	EndGlobalSection
	GlobalSection(ProjectConfigurationPlatforms) = postSolution
		{07B1EE08-92DD-4B84-9B2C-3F536387F131}.Debug|x64.ActiveCfg = Debug|x64
		{07B1EE08-92DD-4B84-9B2C-3F536387F131}.Debug|x64.Build.0 = Debug|x64
		{07B1EE08-92DD-4B84-9B2C-3F536387F131}.Debug|x86.ActiveCfg = Debug|Win32
		{07B1EE08-92DD-4B84-9B2C-3F536387F131}.Debug|x86.Build.0 = Debug|Win32
		{07B1EE08-92DD-4B84-9B2C-3F536387F131}.Release|x64.ActiveCfg = Release|x64
		{07B1EE08-92DD-4B84-9B2C-3F536387F131}.Release|x64.Build.0 = Release|x64
		{07B1EE08-92DD-4B84-9B2C-3F536387F131}.Release|x86.ActiveCfg = Release|Win32
		{07B1EE08-92DD-4B84-9B2C-3F536387F131}.Release|x86.Build.0 = Release|Win32
	EndGlobalSection
	GlobalSection(SolutionProperties) = preSolution
		HideSolutionNode = FALSE
	EndGlobalSection
	GlobalSection(ExtensibilityGlobals) = postSolution
		SolutionGuid = {234BB29B-2FC6-4E86-B006-E6E030B63D59}
	EndGlobalSection
EndGlobal
